
Microsoft Visual Studio Solution File, Format Version 12.00
# Visual Studio 15
VisualStudioVersion = 15.0.28010.2036
MinimumVisualStudioVersion = 10.0.40219.1
Project("{00D1A9C2-B5F0-4AF3-8072-F6C62B433612}") = "Elements Database", "Elements Database\Elements Database.sqlproj", "{2753C073-FD3C-419A-B21B-CFD3C2E04E77}"
EndProject
Global
	GlobalSection(SolutionConfigurationPlatforms) = preSolution
		Debug|Any CPU = Debug|Any CPU
		Release|Any CPU = Release|Any CPU
	EndGlobalSection
	GlobalSection(ProjectConfigurationPlatforms) = postSolution
		{2753C073-FD3C-419A-B21B-CFD3C2E04E77}.Debug|Any CPU.ActiveCfg = Debug|Any CPU
		{2753C073-FD3C-419A-B21B-CFD3C2E04E77}.Debug|Any CPU.Build.0 = Debug|Any CPU
		{2753C073-FD3C-419A-B21B-CFD3C2E04E77}.Debug|Any CPU.Deploy.0 = Debug|Any CPU
		{2753C073-FD3C-419A-B21B-CFD3C2E04E77}.Release|Any CPU.ActiveCfg = Release|Any CPU
		{2753C073-FD3C-419A-B21B-CFD3C2E04E77}.Release|Any CPU.Build.0 = Release|Any CPU
		{2753C073-FD3C-419A-B21B-CFD3C2E04E77}.Release|Any CPU.Deploy.0 = Release|Any CPU
	EndGlobalSection
	GlobalSection(SolutionProperties) = preSolution
		HideSolutionNode = FALSE
	EndGlobalSection
	GlobalSection(ExtensibilityGlobals) = postSolution
		SolutionGuid = {A32435F3-CE7D-4826-81E8-B7759332A5DD}
	EndGlobalSection
EndGlobal
